
Microsoft Visual Studio Solution File, Format Version 12.00
# Visual Studio 2012
Project("{FAE04EC0-301F-11D3-BF4B-00C04F79EFBC}") = "TestGeneratorMvc", "TestGeneratorMvc\TestGeneratorMvc.csproj", "{FD3AF70E-95DF-4E3B-B44E-F9DD182D7791}"
EndProject
Project("{FAE04EC0-301F-11D3-BF4B-00C04F79EFBC}") = "DataLayer.Model", "DataLayer.Model\DataLayer.Model.csproj", "{6FD2F7A2-03D9-47C5-AC24-69482D1D290A}"
EndProject
Project("{FAE04EC0-301F-11D3-BF4B-00C04F79EFBC}") = "DataLayer.Interfaces", "DataLayer.Interfaces\DataLayer.Interfaces.csproj", "{FB62CA6F-5CDF-4BEE-9D80-80EB9FAB6812}"
EndProject
Project("{FAE04EC0-301F-11D3-BF4B-00C04F79EFBC}") = "DataLayer.Implementations", "DataLayer.Implementations\DataLayer.Implementations.csproj", "{22C19C1C-4865-4AF8-8572-37292A41270F}"
EndProject
Global
	GlobalSection(SolutionConfigurationPlatforms) = preSolution
		Debug|Any CPU = Debug|Any CPU
		Release|Any CPU = Release|Any CPU
	EndGlobalSection
	GlobalSection(ProjectConfigurationPlatforms) = postSolution
		{FD3AF70E-95DF-4E3B-B44E-F9DD182D7791}.Debug|Any CPU.ActiveCfg = Debug|Any CPU
		{FD3AF70E-95DF-4E3B-B44E-F9DD182D7791}.Debug|Any CPU.Build.0 = Debug|Any CPU
		{FD3AF70E-95DF-4E3B-B44E-F9DD182D7791}.Release|Any CPU.ActiveCfg = Release|Any CPU
		{FD3AF70E-95DF-4E3B-B44E-F9DD182D7791}.Release|Any CPU.Build.0 = Release|Any CPU
		{6FD2F7A2-03D9-47C5-AC24-69482D1D290A}.Debug|Any CPU.ActiveCfg = Debug|Any CPU
		{6FD2F7A2-03D9-47C5-AC24-69482D1D290A}.Debug|Any CPU.Build.0 = Debug|Any CPU
		{6FD2F7A2-03D9-47C5-AC24-69482D1D290A}.Release|Any CPU.ActiveCfg = Release|Any CPU
		{6FD2F7A2-03D9-47C5-AC24-69482D1D290A}.Release|Any CPU.Build.0 = Release|Any CPU
		{FB62CA6F-5CDF-4BEE-9D80-80EB9FAB6812}.Debug|Any CPU.ActiveCfg = Debug|Any CPU
		{FB62CA6F-5CDF-4BEE-9D80-80EB9FAB6812}.Debug|Any CPU.Build.0 = Debug|Any CPU
		{FB62CA6F-5CDF-4BEE-9D80-80EB9FAB6812}.Release|Any CPU.ActiveCfg = Release|Any CPU
		{FB62CA6F-5CDF-4BEE-9D80-80EB9FAB6812}.Release|Any CPU.Build.0 = Release|Any CPU
		{22C19C1C-4865-4AF8-8572-37292A41270F}.Debug|Any CPU.ActiveCfg = Debug|Any CPU
		{22C19C1C-4865-4AF8-8572-37292A41270F}.Debug|Any CPU.Build.0 = Debug|Any CPU
		{22C19C1C-4865-4AF8-8572-37292A41270F}.Release|Any CPU.ActiveCfg = Release|Any CPU
		{22C19C1C-4865-4AF8-8572-37292A41270F}.Release|Any CPU.Build.0 = Release|Any CPU
	EndGlobalSection
	GlobalSection(SolutionProperties) = preSolution
		HideSolutionNode = FALSE
	EndGlobalSection
EndGlobal
