
Microsoft Visual Studio Solution File, Format Version 12.00
# Visual Studio 2012
Project("{FAE04EC0-301F-11D3-BF4B-00C04F79EFBC}") = "TestGeneratorMvc", "TestGeneratorMvc\TestGeneratorMvc.csproj", "{FD3AF70E-95DF-4E3B-B44E-F9DD182D7791}"
EndProject
Project("{FAE04EC0-301F-11D3-BF4B-00C04F79EFBC}") = "DataLayer.Model", "DataLayer.Model\DataLayer.Model.csproj", "{6FD2F7A2-03D9-47C5-AC24-69482D1D290A}"
EndProject
Project("{FAE04EC0-301F-11D3-BF4B-00C04F79EFBC}") = "DataLayer.Interfaces", "DataLayer.Interfaces\DataLayer.Interfaces.csproj", "{FB62CA6F-5CDF-4BEE-9D80-80EB9FAB6812}"
EndProject
Project("{FAE04EC0-301F-11D3-BF4B-00C04F79EFBC}") = "DataLayer.Implementations", "DataLayer.Implementations\DataLayer.Implementations.csproj", "{22C19C1C-4865-4AF8-8572-37292A41270F}"
EndProject
Project("{2150E333-8FDC-42A3-9474-1A3956D46DE8}") = "DataLayer", "DataLayer", "{5CBBAE48-09C7-4834-A62C-C0F56665E317}"
EndProject
Project("{2150E333-8FDC-42A3-9474-1A3956D46DE8}") = "BusinessLayer", "BusinessLayer", "{0CE3F2CA-5B9E-4CCE-B93A-140F9F487071}"
EndProject
Project("{FAE04EC0-301F-11D3-BF4B-00C04F79EFBC}") = "BusinessLayer.Services", "BusinessLayer.Services\BusinessLayer.Services.csproj", "{FC264412-DCB2-421E-B832-1E948B3C8C5A}"
EndProject
Project("{FAE04EC0-301F-11D3-BF4B-00C04F79EFBC}") = "BusinessLayer.Interfaces", "BusinessLayer.Interfaces\BusinessLayer.Interfaces.csproj", "{1E802811-BF8F-4F76-9CC7-2BDE9177CE13}"
EndProject
Project("{FAE04EC0-301F-11D3-BF4B-00C04F79EFBC}") = "DataLayer.XmlModel", "DataLayer.XmlModel\DataLayer.XmlModel.csproj", "{9F0013D2-FE80-4F9E-BC8E-D615DC2B0DCC}"
EndProject
Project("{FAE04EC0-301F-11D3-BF4B-00C04F79EFBC}") = "UnitTests", "UnitTests\UnitTests.csproj", "{326C209E-8C68-4D34-B80F-6E68AD3B24AD}"
EndProject
Project("{FAE04EC0-301F-11D3-BF4B-00C04F79EFBC}") = "DataLayer.ApiModel", "DataLayer.ApiModel\DataLayer.ApiModel.csproj", "{9A5A603A-A702-45C1-9CA9-0ACC213658D5}"
EndProject
Project("{FAE04EC0-301F-11D3-BF4B-00C04F79EFBC}") = "BusinessLayer.Mapping", "BusinessLayer.Mapping\BusinessLayer.Mapping.csproj", "{444F8704-EDDA-4E8B-A82E-85D3F54B4942}"
EndProject
Global
	GlobalSection(SolutionConfigurationPlatforms) = preSolution
		Debug|Any CPU = Debug|Any CPU
		Release|Any CPU = Release|Any CPU
	EndGlobalSection
	GlobalSection(ProjectConfigurationPlatforms) = postSolution
		{FD3AF70E-95DF-4E3B-B44E-F9DD182D7791}.Debug|Any CPU.ActiveCfg = Debug|Any CPU
		{FD3AF70E-95DF-4E3B-B44E-F9DD182D7791}.Debug|Any CPU.Build.0 = Debug|Any CPU
		{FD3AF70E-95DF-4E3B-B44E-F9DD182D7791}.Release|Any CPU.ActiveCfg = Release|Any CPU
		{FD3AF70E-95DF-4E3B-B44E-F9DD182D7791}.Release|Any CPU.Build.0 = Release|Any CPU
		{6FD2F7A2-03D9-47C5-AC24-69482D1D290A}.Debug|Any CPU.ActiveCfg = Debug|Any CPU
		{6FD2F7A2-03D9-47C5-AC24-69482D1D290A}.Debug|Any CPU.Build.0 = Debug|Any CPU
		{6FD2F7A2-03D9-47C5-AC24-69482D1D290A}.Release|Any CPU.ActiveCfg = Release|Any CPU
		{6FD2F7A2-03D9-47C5-AC24-69482D1D290A}.Release|Any CPU.Build.0 = Release|Any CPU
		{FB62CA6F-5CDF-4BEE-9D80-80EB9FAB6812}.Debug|Any CPU.ActiveCfg = Debug|Any CPU
		{FB62CA6F-5CDF-4BEE-9D80-80EB9FAB6812}.Debug|Any CPU.Build.0 = Debug|Any CPU
		{FB62CA6F-5CDF-4BEE-9D80-80EB9FAB6812}.Release|Any CPU.ActiveCfg = Release|Any CPU
		{FB62CA6F-5CDF-4BEE-9D80-80EB9FAB6812}.Release|Any CPU.Build.0 = Release|Any CPU
		{22C19C1C-4865-4AF8-8572-37292A41270F}.Debug|Any CPU.ActiveCfg = Debug|Any CPU
		{22C19C1C-4865-4AF8-8572-37292A41270F}.Debug|Any CPU.Build.0 = Debug|Any CPU
		{22C19C1C-4865-4AF8-8572-37292A41270F}.Release|Any CPU.ActiveCfg = Release|Any CPU
		{22C19C1C-4865-4AF8-8572-37292A41270F}.Release|Any CPU.Build.0 = Release|Any CPU
		{FC264412-DCB2-421E-B832-1E948B3C8C5A}.Debug|Any CPU.ActiveCfg = Debug|Any CPU
		{FC264412-DCB2-421E-B832-1E948B3C8C5A}.Debug|Any CPU.Build.0 = Debug|Any CPU
		{FC264412-DCB2-421E-B832-1E948B3C8C5A}.Release|Any CPU.ActiveCfg = Release|Any CPU
		{FC264412-DCB2-421E-B832-1E948B3C8C5A}.Release|Any CPU.Build.0 = Release|Any CPU
		{1E802811-BF8F-4F76-9CC7-2BDE9177CE13}.Debug|Any CPU.ActiveCfg = Debug|Any CPU
		{1E802811-BF8F-4F76-9CC7-2BDE9177CE13}.Debug|Any CPU.Build.0 = Debug|Any CPU
		{1E802811-BF8F-4F76-9CC7-2BDE9177CE13}.Release|Any CPU.ActiveCfg = Release|Any CPU
		{1E802811-BF8F-4F76-9CC7-2BDE9177CE13}.Release|Any CPU.Build.0 = Release|Any CPU
		{9F0013D2-FE80-4F9E-BC8E-D615DC2B0DCC}.Debug|Any CPU.ActiveCfg = Debug|Any CPU
		{9F0013D2-FE80-4F9E-BC8E-D615DC2B0DCC}.Debug|Any CPU.Build.0 = Debug|Any CPU
		{9F0013D2-FE80-4F9E-BC8E-D615DC2B0DCC}.Release|Any CPU.ActiveCfg = Release|Any CPU
		{9F0013D2-FE80-4F9E-BC8E-D615DC2B0DCC}.Release|Any CPU.Build.0 = Release|Any CPU
		{326C209E-8C68-4D34-B80F-6E68AD3B24AD}.Debug|Any CPU.ActiveCfg = Debug|Any CPU
		{326C209E-8C68-4D34-B80F-6E68AD3B24AD}.Debug|Any CPU.Build.0 = Debug|Any CPU
		{326C209E-8C68-4D34-B80F-6E68AD3B24AD}.Release|Any CPU.ActiveCfg = Release|Any CPU
		{326C209E-8C68-4D34-B80F-6E68AD3B24AD}.Release|Any CPU.Build.0 = Release|Any CPU
		{9A5A603A-A702-45C1-9CA9-0ACC213658D5}.Debug|Any CPU.ActiveCfg = Debug|Any CPU
		{9A5A603A-A702-45C1-9CA9-0ACC213658D5}.Debug|Any CPU.Build.0 = Debug|Any CPU
		{9A5A603A-A702-45C1-9CA9-0ACC213658D5}.Release|Any CPU.ActiveCfg = Release|Any CPU
		{9A5A603A-A702-45C1-9CA9-0ACC213658D5}.Release|Any CPU.Build.0 = Release|Any CPU
		{444F8704-EDDA-4E8B-A82E-85D3F54B4942}.Debug|Any CPU.ActiveCfg = Debug|Any CPU
		{444F8704-EDDA-4E8B-A82E-85D3F54B4942}.Debug|Any CPU.Build.0 = Debug|Any CPU
		{444F8704-EDDA-4E8B-A82E-85D3F54B4942}.Release|Any CPU.ActiveCfg = Release|Any CPU
		{444F8704-EDDA-4E8B-A82E-85D3F54B4942}.Release|Any CPU.Build.0 = Release|Any CPU
	EndGlobalSection
	GlobalSection(SolutionProperties) = preSolution
		HideSolutionNode = FALSE
	EndGlobalSection
	GlobalSection(NestedProjects) = preSolution
		{FB62CA6F-5CDF-4BEE-9D80-80EB9FAB6812} = {5CBBAE48-09C7-4834-A62C-C0F56665E317}
		{22C19C1C-4865-4AF8-8572-37292A41270F} = {5CBBAE48-09C7-4834-A62C-C0F56665E317}
		{6FD2F7A2-03D9-47C5-AC24-69482D1D290A} = {5CBBAE48-09C7-4834-A62C-C0F56665E317}
		{9F0013D2-FE80-4F9E-BC8E-D615DC2B0DCC} = {5CBBAE48-09C7-4834-A62C-C0F56665E317}
		{9A5A603A-A702-45C1-9CA9-0ACC213658D5} = {5CBBAE48-09C7-4834-A62C-C0F56665E317}
		{FC264412-DCB2-421E-B832-1E948B3C8C5A} = {0CE3F2CA-5B9E-4CCE-B93A-140F9F487071}
		{1E802811-BF8F-4F76-9CC7-2BDE9177CE13} = {0CE3F2CA-5B9E-4CCE-B93A-140F9F487071}
		{444F8704-EDDA-4E8B-A82E-85D3F54B4942} = {0CE3F2CA-5B9E-4CCE-B93A-140F9F487071}
	EndGlobalSection
EndGlobal
